{
  "name": "zen-engine",
  "version": "1.0.0",
  "lockfileVersion": 3,
  "requires": true,
  "packages": {
    "": {
      "name": "zen-engine",
      "version": "1.0.0",
      "license": "ISC",
      "dependencies": {
        "@gorules/zen-engine": "^2.0.2"
      }
    },
    "node_modules/@emnapi/core": {
      "version": "1.11.3",
      "resolved": "https://registry.npmjs.org/@emnapi/core/-/core-1.11.3.tgz",
      "integrity": "sha512-zLpS5asjEb7lq8jYLq37N6XKaE41DIexlY1rF/z4/tIl3wo13Sqm28fRyfIsKZD+NZ8mM5RoKkpW/rBcuoSZSg==",
      "license": "MIT",
      "optional": true,
      "peer": true,
      "dependencies": {
        "@emnapi/wasi-threads": "1.2.3",
        "tslib": "^2.4.0"
      }
    },
    "node_modules/@emnapi/runtime": {
      "version": "1.11.3",
      "resolved": "https://registry.npmjs.org/@emnapi/runtime/-/runtime-1.11.3.tgz",
      "integrity": "sha512-Xz4Tpyki7XyrpbUK1jR1AhdAdaXyhhY4lZ3neLodmhpuWfy2PAQN5B46sAiU4liOXGLkHypn/qU+jvfWSCYYLA==",
      "license": "MIT",
      "optional": true,
      "peer": true,
      "dependencies": {
        "tslib": "^2.4.0"
      }
    },
    "node_modules/@emnapi/wasi-threads": {
      "version": "1.2.3",
      "resolved": "https://registry.npmjs.org/@emnapi/wasi-threads/-/wasi-threads-1.2.3.tgz",
      "integrity": "sha512-ELEBe8PsLvvJ6QMr0zLt8ffvOHW/dc1m3CEzNMg7aJUv3bMaoDtw2TXyDAwkYBuroxxuHEwhRTLJSe5sya547g==",
      "license": "MIT",
      "optional": true,
      "peer": true,
      "dependencies": {
        "tslib": "^2.4.0"
      }
    },
    "node_modules/@gorules/zen-engine": {
      "version": "2.0.2",
      "resolved": "https://registry.npmjs.org/@gorules/zen-engine/-/zen-engine-2.0.2.tgz",
      "integrity": "sha512-KlPBj61KnYvpZ9qMvOep8N9QDlGHS1RsHgFamY6sLk2sJYrFVJRhvuGSjAG0nEIZxPzRyjd549azl3PQ8W4x4w==",
      "license": "MIT",
      "engines": {
        "node": ">= 14"
      },
      "optionalDependencies": {
        "@gorules/zen-engine-darwin-arm64": "2.0.2",
        "@gorules/zen-engine-darwin-x64": "2.0.2",
        "@gorules/zen-engine-linux-arm64-gnu": "2.0.2",
        "@gorules/zen-engine-linux-arm64-musl": "2.0.2",
        "@gorules/zen-engine-linux-x64-gnu": "2.0.2",
        "@gorules/zen-engine-linux-x64-musl": "2.0.2",
        "@gorules/zen-engine-wasm32-wasi": "2.0.2",
        "@gorules/zen-engine-win32-x64-msvc": "2.0.2"
      }
    },
    "node_modules/@gorules/zen-engine-darwin-arm64": {
      "version": "2.0.2",
      "resolved": "https://registry.npmjs.org/@gorules/zen-engine-darwin-arm64/-/zen-engine-darwin-arm64-2.0.2.tgz",
      "integrity": "sha512-Mt92lOL5ADCDRxp5Jg+DttP/Yx/3u/ZJorvv8o8dXXLEjo/b0AqdVMVXziU5+uBeSm9QNQNBdzmMB1GYgHh28Q==",
      "cpu": [
        "arm64"
      ],
      "license": "MIT",
      "optional": true,
      "os": [
        "darwin"
      ],
      "engines": {
        "node": ">= 14"
      }
    },
    "node_modules/@gorules/zen-engine-darwin-x64": {
      "version": "2.0.2",
      "resolved": "https://registry.npmjs.org/@gorules/zen-engine-darwin-x64/-/zen-engine-darwin-x64-2.0.2.tgz",
      "integrity": "sha512-DY2Z7mrpwVsvPn5bFo4xdpGTer7FaXfDpJ9AQiaQ98kAYO5nT+feDKKjDtP10aNs5kcdnAnrFqZUB+cABMp6gQ==",
      "cpu": [
        "x64"
      ],
      "license": "MIT",
      "optional": true,
      "os": [
        "darwin"
      ],
      "engines": {
        "node": ">= 14"
      }
    },
    "node_modules/@gorules/zen-engine-linux-arm64-gnu": {
      "version": "2.0.2",
      "resolved": "https://registry.npmjs.org/@gorules/zen-engine-linux-arm64-gnu/-/zen-engine-linux-arm64-gnu-2.0.2.tgz",
      "integrity": "sha512-tbiUCZ6UVjqTI/Z1NdI6ZSnfbYh9H403IAYEeTCnxNcQ3fREuw1BofBC2A/GNztY8V9dcO0AAZTGmzkbLnwqTw==",
      "cpu": [
        "arm64"
      ],
      "license": "MIT",
      "optional": true,
      "os": [
        "linux"
      ],
      "engines": {
        "node": ">= 14"
      }
    },
    "node_modules/@gorules/zen-engine-linux-arm64-musl": {
      "version": "2.0.2",
      "resolved": "https://registry.npmjs.org/@gorules/zen-engine-linux-arm64-musl/-/zen-engine-linux-arm64-musl-2.0.2.tgz",
      "integrity": "sha512-QsCVNqUxkY4xOgOUP126CCUFc5mlSn+FPfHBNlyx2Co330J9T+4JYim6Rbt4EMAVAJwyf/g27ObO6E+d2LehSA==",
      "cpu": [
        "arm64"
      ],
      "license": "MIT",
      "optional": true,
      "os": [
        "linux"
      ],
      "engines": {
        "node": ">= 14"
      }
    },
    "node_modules/@gorules/zen-engine-linux-x64-gnu": {
      "version": "2.0.2",
      "resolved": "https://registry.npmjs.org/@gorules/zen-engine-linux-x64-gnu/-/zen-engine-linux-x64-gnu-2.0.2.tgz",
      "integrity": "sha512-K2v2OlgqgSNE9bmnmywEAEEOke7LjYKwiNZFDKq96f1gLgvzfC79tVIXPTpmTRn1rh9NxxEMWtCvEirrZiW2Tg==",
      "cpu": [
        "x64"
      ],
      "license": "MIT",
      "optional": true,
      "os": [
        "linux"
      ],
      "engines": {
        "node": ">= 14"
      }
    },
    "node_modules/@gorules/zen-engine-linux-x64-musl": {
      "version": "2.0.2",
      "resolved": "https://registry.npmjs.org/@gorules/zen-engine-linux-x64-musl/-/zen-engine-linux-x64-musl-2.0.2.tgz",
      "integrity": "sha512-xoJroGGvSGp5R9eiVRX0yPgFqSV98csb0USu0eB9fqo/WxXA42pBjLGrOmciIXPo4rrM8fDXH3j86QzSNbdwzg==",
      "cpu": [
        "x64"
      ],
      "license": "MIT",
      "optional": true,
      "os": [
        "linux"
      ],
      "engines": {
        "node": ">= 14"
      }
    },
    "node_modules/@gorules/zen-engine-wasm32-wasi": {
      "version": "2.0.2",
      "resolved": "https://registry.npmjs.org/@gorules/zen-engine-wasm32-wasi/-/zen-engine-wasm32-wasi-2.0.2.tgz",
      "integrity": "sha512-cUYRdsw+ZhHqebFmyAARCVuPKwyFkPswTYkEtd2Fvuh8uonp70b8pd3YcEW8k+/ZE3aL6WEwuLJHoZl0vb+rvw==",
      "cpu": [
        "wasm32"
      ],
      "license": "MIT",
      "optional": true,
      "dependencies": {
        "@napi-rs/wasm-runtime": "^1.2.3"
      },
      "engines": {
        "node": ">=14.0.0"
      }
    },
    "node_modules/@gorules/zen-engine-win32-x64-msvc": {
      "version": "2.0.2",
      "resolved": "https://registry.npmjs.org/@gorules/zen-engine-win32-x64-msvc/-/zen-engine-win32-x64-msvc-2.0.2.tgz",
      "integrity": "sha512-BOp7nkf53HhRXqPlcKDsZIKoYFTcfCQPA0hsxT89GPhpQ8OfOnz270pcRdr9HGVdHPycbbi5EUokyhtIxUS6Ig==",
      "cpu": [
        "x64"
      ],
      "license": "MIT",
      "optional": true,
      "os": [
        "win32"
      ],
      "engines": {
        "node": ">= 14"
      }
    },
    "node_modules/@napi-rs/wasm-runtime": {
      "version": "1.2.4",
      "resolved": "https://registry.npmjs.org/@napi-rs/wasm-runtime/-/wasm-runtime-1.2.4.tgz",
      "integrity": "sha512-AJxoUD2/15ESHbvpcyjU274nsAPLuOtPHCk0vKJM5pj//Fg/B1FXNWjPnXTT9PymCYYiHo4zPj0ZomXBKhoy7g==",
      "license": "MIT",
      "optional": true,
      "dependencies": {
        "@tybys/wasm-util": "^0.10.3"
      },
      "engines": {
        "node": "^20.19.0 || ^22.13.0 || >=23.5.0"
      },
      "funding": {
        "type": "github",
        "url": "https://github.com/sponsors/Brooooooklyn"
      },
      "peerDependencies": {
        "@emnapi/core": "^1.7.1 || ^2.0.0-alpha.4",
        "@emnapi/runtime": "^1.7.1 || ^2.0.0-alpha.4"
      }
    },
    "node_modules/@tybys/wasm-util": {
      "version": "0.10.4",
      "resolved": "https://registry.npmjs.org/@tybys/wasm-util/-/wasm-util-0.10.4.tgz",
      "integrity": "sha512-W3c4gRigFS0T/Ma4qIYF3GDAc5AQdHb1yL5znJT1Zv1YaD9Kitx656wBjvr19qbiosmZT8lWDM5BEMynUqX65A==",
      "license": "MIT",
      "optional": true,
      "dependencies": {
        "tslib": "^2.4.0"
      }
    },
    "node_modules/tslib": {
      "version": "2.8.1",
      "resolved": "https://registry.npmjs.org/tslib/-/tslib-2.8.1.tgz",
      "integrity": "sha512-oJFu94HQb+KVduSUQL7wnpmqnfmLsOA/nAh6b6EH0wCEoK0/mPeXU6c3wKDV83MkOuHPRHtSXKKU99IBazS/2w==",
      "license": "0BSD",
      "optional": true
    }
  }
}
